
Microsoft Visual Studio Solution File, Format Version 12.00
# Visual Studio 14
VisualStudioVersion = 14.0.25420.1
MinimumVisualStudioVersion = 10.0.40219.1
Project("{FAE04EC0-301F-11D3-BF4B-00C04F79EFBC}") = "F.FINANCIAMIENTO.DA", "F.FINANCIAMIENTO.DA\F.FINANCIAMIENTO.DA.csproj", "{F0FDF661-E92E-4397-800A-DEE95CA489E0}"
EndProject
Project("{FAE04EC0-301F-11D3-BF4B-00C04F79EFBC}") = "F.FINANCIAMIENTO.DTO", "F.FINANCIAMIENTO.DTO\F.FINANCIAMIENTO.DTO.csproj", "{DF526506-779F-4AEB-AF8B-4A1693F16D5D}"
EndProject
Project("{FAE04EC0-301F-11D3-BF4B-00C04F79EFBC}") = "F.FINANCIAMIENTO.MAPPERS", "F.FINANCIAMIENTO.MAPPERS\F.FINANCIAMIENTO.MAPPERS.csproj", "{D430D328-D2FC-4A7C-A7BD-DEC9451F541F}"
EndProject
Project("{FAE04EC0-301F-11D3-BF4B-00C04F79EFBC}") = "F.FINANCIAMIENTO.INTERFACE", "F.FINANCIAMIENTO.INTERFACE\F.FINANCIAMIENTO.INTERFACE.csproj", "{9EB90192-A37E-4D46-AAEA-984D33AA2ADF}"
EndProject
Project("{FAE04EC0-301F-11D3-BF4B-00C04F79EFBC}") = "F.FINANCIAMIENTO.WCF", "F.FINANCIAMIENTO.WCF\F.FINANCIAMIENTO.WCF.csproj", "{6B98C4D8-AA29-4486-9D7B-99D9AA1E2189}"
EndProject
Global
	GlobalSection(SolutionConfigurationPlatforms) = preSolution
		Debug|Any CPU = Debug|Any CPU
		Release|Any CPU = Release|Any CPU
	EndGlobalSection
	GlobalSection(ProjectConfigurationPlatforms) = postSolution
		{F0FDF661-E92E-4397-800A-DEE95CA489E0}.Debug|Any CPU.ActiveCfg = Debug|Any CPU
		{F0FDF661-E92E-4397-800A-DEE95CA489E0}.Debug|Any CPU.Build.0 = Debug|Any CPU
		{F0FDF661-E92E-4397-800A-DEE95CA489E0}.Release|Any CPU.ActiveCfg = Release|Any CPU
		{F0FDF661-E92E-4397-800A-DEE95CA489E0}.Release|Any CPU.Build.0 = Release|Any CPU
		{DF526506-779F-4AEB-AF8B-4A1693F16D5D}.Debug|Any CPU.ActiveCfg = Debug|Any CPU
		{DF526506-779F-4AEB-AF8B-4A1693F16D5D}.Debug|Any CPU.Build.0 = Debug|Any CPU
		{DF526506-779F-4AEB-AF8B-4A1693F16D5D}.Release|Any CPU.ActiveCfg = Release|Any CPU
		{DF526506-779F-4AEB-AF8B-4A1693F16D5D}.Release|Any CPU.Build.0 = Release|Any CPU
		{D430D328-D2FC-4A7C-A7BD-DEC9451F541F}.Debug|Any CPU.ActiveCfg = Debug|Any CPU
		{D430D328-D2FC-4A7C-A7BD-DEC9451F541F}.Debug|Any CPU.Build.0 = Debug|Any CPU
		{D430D328-D2FC-4A7C-A7BD-DEC9451F541F}.Release|Any CPU.ActiveCfg = Release|Any CPU
		{D430D328-D2FC-4A7C-A7BD-DEC9451F541F}.Release|Any CPU.Build.0 = Release|Any CPU
		{9EB90192-A37E-4D46-AAEA-984D33AA2ADF}.Debug|Any CPU.ActiveCfg = Debug|Any CPU
		{9EB90192-A37E-4D46-AAEA-984D33AA2ADF}.Debug|Any CPU.Build.0 = Debug|Any CPU
		{9EB90192-A37E-4D46-AAEA-984D33AA2ADF}.Release|Any CPU.ActiveCfg = Release|Any CPU
		{9EB90192-A37E-4D46-AAEA-984D33AA2ADF}.Release|Any CPU.Build.0 = Release|Any CPU
		{6B98C4D8-AA29-4486-9D7B-99D9AA1E2189}.Debug|Any CPU.ActiveCfg = Debug|Any CPU
		{6B98C4D8-AA29-4486-9D7B-99D9AA1E2189}.Debug|Any CPU.Build.0 = Debug|Any CPU
		{6B98C4D8-AA29-4486-9D7B-99D9AA1E2189}.Release|Any CPU.ActiveCfg = Release|Any CPU
		{6B98C4D8-AA29-4486-9D7B-99D9AA1E2189}.Release|Any CPU.Build.0 = Release|Any CPU
	EndGlobalSection
	GlobalSection(SolutionProperties) = preSolution
		HideSolutionNode = FALSE
	EndGlobalSection
EndGlobal
